
Microsoft Visual Studio Solution File, Format Version 12.00
# Visual Studio Version 16
VisualStudioVersion = 16.0.29613.14
MinimumVisualStudioVersion = 10.0.40219.1
Project("{8BC9CEB8-8B4A-11D0-8D11-00A0C91BC942}") = "MRSbase_Windows", "MRSbase\MRSbase.vcxproj", "{EF1AE3AF-3ACE-473D-B970-6133353D29E9}"
EndProject
Project("{8BC9CEB8-8B4A-11D0-8D11-00A0C91BC942}") = "RPITest", "RPITest\RPITest.vcxproj", "{0183BEC8-A937-4857-AB9A-BB24E9DF97B8}"
EndProject
Project("{8BC9CEB8-8B4A-11D0-8D11-00A0C91BC942}") = "MRSbase_Linux", "MRSbase_Linux\MRSbase_Linux.vcxproj", "{9AD5413A-6CC9-4268-9E6E-4E0505EAEFDD}"
EndProject
Project("{8BC9CEB8-8B4A-11D0-8D11-00A0C91BC942}") = "MRS_Algorithms_Windows", "MRS_Algorithms\MRS_Algorithms.vcxproj", "{9C6A6871-CAA1-443C-BC44-5659B30C684E}"
EndProject
Project("{8BC9CEB8-8B4A-11D0-8D11-00A0C91BC942}") = "MRS_Algorithms_Linux", "MRS_Algorithms_Linux\MRS_Algorithms_Linux.vcxproj", "{CE2B51CF-26C9-4EE2-956C-BBB2B7B05961}"
EndProject
Project("{8BC9CEB8-8B4A-11D0-8D11-00A0C91BC942}") = "MRS", "MRS\MRS.vcxitems", "{6A9D77B8-6A4C-464B-A310-D3C30DA08311}"
EndProject
Project("{8BC9CEB8-8B4A-11D0-8D11-00A0C91BC942}") = "MRSbase_Csharp_port", "MRSbase_Csharp_port\MRSbase_Csharp_port.vcxproj", "{7AC4275C-1C7E-4319-A01D-20A17E81C1F2}"
EndProject
Project("{8BC9CEB8-8B4A-11D0-8D11-00A0C91BC942}") = "MRSbase_dll", "MRSbase_dll\MRSbase_dll.vcxproj", "{1BF596DF-C2AB-43AF-8543-4DEA24518A6C}"
EndProject
Project("{8BC9CEB8-8B4A-11D0-8D11-00A0C91BC942}") = "SoccerSimClient", "SoccerSimClient\SoccerSimClient.vcxproj", "{E9B47D08-DB94-43D7-A9A0-5599D08AEB22}"
EndProject
Project("{8BC9CEB8-8B4A-11D0-8D11-00A0C91BC942}") = "SoccerSimServer_Imitator", "SoccerSimServer_Imitator\SoccerSimServer_Imitator.vcxproj", "{D35C7B3B-75AD-402E-9CCC-077B8EE35F3F}"
EndProject
Project("{8BC9CEB8-8B4A-11D0-8D11-00A0C91BC942}") = "FastSlamTest", "..\FastSlamTest\FastSlamTest.vcxproj", "{582F287E-A3BC-4B97-BCBF-5AB840025E2B}"
EndProject
Global
	GlobalSection(SharedMSBuildProjectFiles) = preSolution
		MRS\MRS.vcxitems*{1bf596df-c2ab-43af-8543-4dea24518a6c}*SharedItemsImports = 4
		MRS\MRS.vcxitems*{6a9d77b8-6a4c-464b-a310-d3c30da08311}*SharedItemsImports = 9
		MRS\MRS.vcxitems*{7ac4275c-1c7e-4319-a01d-20a17e81c1f2}*SharedItemsImports = 4
		MRS\MRS.vcxitems*{9ad5413a-6cc9-4268-9e6e-4e0505eaefdd}*SharedItemsImports = 4
		MRS\MRS.vcxitems*{ef1ae3af-3ace-473d-b970-6133353d29e9}*SharedItemsImports = 4
	EndGlobalSection
	GlobalSection(SolutionConfigurationPlatforms) = preSolution
		Debug|ARM = Debug|ARM
		Debug|ARM64 = Debug|ARM64
		Debug|x64 = Debug|x64
		Debug|x86 = Debug|x86
		Linux|ARM = Linux|ARM
		Linux|ARM64 = Linux|ARM64
		Linux|x64 = Linux|x64
		Linux|x86 = Linux|x86
		PhoneNetwork|ARM = PhoneNetwork|ARM
		PhoneNetwork|ARM64 = PhoneNetwork|ARM64
		PhoneNetwork|x64 = PhoneNetwork|x64
		PhoneNetwork|x86 = PhoneNetwork|x86
		Release|ARM = Release|ARM
		Release|ARM64 = Release|ARM64
		Release|x64 = Release|x64
		Release|x86 = Release|x86
		VNPC_net|ARM = VNPC_net|ARM
		VNPC_net|ARM64 = VNPC_net|ARM64
		VNPC_net|x64 = VNPC_net|x64
		VNPC_net|x86 = VNPC_net|x86
	EndGlobalSection
	GlobalSection(ProjectConfigurationPlatforms) = postSolution
		{EF1AE3AF-3ACE-473D-B970-6133353D29E9}.Debug|ARM.ActiveCfg = Debug|ARM
		{EF1AE3AF-3ACE-473D-B970-6133353D29E9}.Debug|ARM.Build.0 = Debug|ARM
		{EF1AE3AF-3ACE-473D-B970-6133353D29E9}.Debug|ARM64.ActiveCfg = Debug|Win32
		{EF1AE3AF-3ACE-473D-B970-6133353D29E9}.Debug|x64.ActiveCfg = Debug|x64
		{EF1AE3AF-3ACE-473D-B970-6133353D29E9}.Debug|x64.Build.0 = Debug|x64
		{EF1AE3AF-3ACE-473D-B970-6133353D29E9}.Debug|x86.ActiveCfg = Debug|Win32
		{EF1AE3AF-3ACE-473D-B970-6133353D29E9}.Debug|x86.Build.0 = Debug|Win32
		{EF1AE3AF-3ACE-473D-B970-6133353D29E9}.Linux|ARM.ActiveCfg = Linux|ARM
		{EF1AE3AF-3ACE-473D-B970-6133353D29E9}.Linux|ARM.Build.0 = Linux|ARM
		{EF1AE3AF-3ACE-473D-B970-6133353D29E9}.Linux|ARM64.ActiveCfg = Linux|Win32
		{EF1AE3AF-3ACE-473D-B970-6133353D29E9}.Linux|x64.ActiveCfg = Linux|x64
		{EF1AE3AF-3ACE-473D-B970-6133353D29E9}.Linux|x64.Build.0 = Linux|x64
		{EF1AE3AF-3ACE-473D-B970-6133353D29E9}.Linux|x86.ActiveCfg = Linux|Win32
		{EF1AE3AF-3ACE-473D-B970-6133353D29E9}.Linux|x86.Build.0 = Linux|Win32
		{EF1AE3AF-3ACE-473D-B970-6133353D29E9}.PhoneNetwork|ARM.ActiveCfg = PhoneNetwork|ARM
		{EF1AE3AF-3ACE-473D-B970-6133353D29E9}.PhoneNetwork|ARM.Build.0 = PhoneNetwork|ARM
		{EF1AE3AF-3ACE-473D-B970-6133353D29E9}.PhoneNetwork|ARM64.ActiveCfg = PhoneNetwork|Win32
		{EF1AE3AF-3ACE-473D-B970-6133353D29E9}.PhoneNetwork|x64.ActiveCfg = PhoneNetwork|x64
		{EF1AE3AF-3ACE-473D-B970-6133353D29E9}.PhoneNetwork|x64.Build.0 = PhoneNetwork|x64
		{EF1AE3AF-3ACE-473D-B970-6133353D29E9}.PhoneNetwork|x86.ActiveCfg = PhoneNetwork|Win32
		{EF1AE3AF-3ACE-473D-B970-6133353D29E9}.PhoneNetwork|x86.Build.0 = PhoneNetwork|Win32
		{EF1AE3AF-3ACE-473D-B970-6133353D29E9}.Release|ARM.ActiveCfg = Release|ARM
		{EF1AE3AF-3ACE-473D-B970-6133353D29E9}.Release|ARM.Build.0 = Release|ARM
		{EF1AE3AF-3ACE-473D-B970-6133353D29E9}.Release|ARM64.ActiveCfg = Release|Win32
		{EF1AE3AF-3ACE-473D-B970-6133353D29E9}.Release|x64.ActiveCfg = Release|x64
		{EF1AE3AF-3ACE-473D-B970-6133353D29E9}.Release|x64.Build.0 = Release|x64
		{EF1AE3AF-3ACE-473D-B970-6133353D29E9}.Release|x86.ActiveCfg = Release|Win32
		{EF1AE3AF-3ACE-473D-B970-6133353D29E9}.Release|x86.Build.0 = Release|Win32
		{EF1AE3AF-3ACE-473D-B970-6133353D29E9}.VNPC_net|ARM.ActiveCfg = VNPC_net|ARM
		{EF1AE3AF-3ACE-473D-B970-6133353D29E9}.VNPC_net|ARM.Build.0 = VNPC_net|ARM
		{EF1AE3AF-3ACE-473D-B970-6133353D29E9}.VNPC_net|ARM64.ActiveCfg = VNPC_net|Win32
		{EF1AE3AF-3ACE-473D-B970-6133353D29E9}.VNPC_net|x64.ActiveCfg = VNPC_net|x64
		{EF1AE3AF-3ACE-473D-B970-6133353D29E9}.VNPC_net|x64.Build.0 = VNPC_net|x64
		{EF1AE3AF-3ACE-473D-B970-6133353D29E9}.VNPC_net|x86.ActiveCfg = VNPC_net|Win32
		{EF1AE3AF-3ACE-473D-B970-6133353D29E9}.VNPC_net|x86.Build.0 = VNPC_net|Win32
		{0183BEC8-A937-4857-AB9A-BB24E9DF97B8}.Debug|ARM.ActiveCfg = Debug|ARM
		{0183BEC8-A937-4857-AB9A-BB24E9DF97B8}.Debug|ARM.Build.0 = Debug|ARM
		{0183BEC8-A937-4857-AB9A-BB24E9DF97B8}.Debug|ARM.Deploy.0 = Debug|ARM
		{0183BEC8-A937-4857-AB9A-BB24E9DF97B8}.Debug|ARM64.ActiveCfg = Debug|ARM64
		{0183BEC8-A937-4857-AB9A-BB24E9DF97B8}.Debug|ARM64.Build.0 = Debug|ARM64
		{0183BEC8-A937-4857-AB9A-BB24E9DF97B8}.Debug|ARM64.Deploy.0 = Debug|ARM64
		{0183BEC8-A937-4857-AB9A-BB24E9DF97B8}.Debug|x64.ActiveCfg = Debug|ARM
		{0183BEC8-A937-4857-AB9A-BB24E9DF97B8}.Debug|x86.ActiveCfg = Debug|ARM
		{0183BEC8-A937-4857-AB9A-BB24E9DF97B8}.Linux|ARM.ActiveCfg = Release|ARM
		{0183BEC8-A937-4857-AB9A-BB24E9DF97B8}.Linux|ARM.Build.0 = Release|ARM
		{0183BEC8-A937-4857-AB9A-BB24E9DF97B8}.Linux|ARM.Deploy.0 = Release|ARM
		{0183BEC8-A937-4857-AB9A-BB24E9DF97B8}.Linux|ARM64.ActiveCfg = Release|ARM64
		{0183BEC8-A937-4857-AB9A-BB24E9DF97B8}.Linux|ARM64.Build.0 = Release|ARM64
		{0183BEC8-A937-4857-AB9A-BB24E9DF97B8}.Linux|ARM64.Deploy.0 = Release|ARM64
		{0183BEC8-A937-4857-AB9A-BB24E9DF97B8}.Linux|x64.ActiveCfg = Release|ARM
		{0183BEC8-A937-4857-AB9A-BB24E9DF97B8}.Linux|x64.Build.0 = Release|ARM
		{0183BEC8-A937-4857-AB9A-BB24E9DF97B8}.Linux|x64.Deploy.0 = Release|ARM
		{0183BEC8-A937-4857-AB9A-BB24E9DF97B8}.Linux|x86.ActiveCfg = Release|ARM
		{0183BEC8-A937-4857-AB9A-BB24E9DF97B8}.Linux|x86.Build.0 = Release|ARM
		{0183BEC8-A937-4857-AB9A-BB24E9DF97B8}.Linux|x86.Deploy.0 = Release|ARM
		{0183BEC8-A937-4857-AB9A-BB24E9DF97B8}.PhoneNetwork|ARM.ActiveCfg = PhoneNetwork|ARM
		{0183BEC8-A937-4857-AB9A-BB24E9DF97B8}.PhoneNetwork|ARM.Deploy.0 = PhoneNetwork|ARM
		{0183BEC8-A937-4857-AB9A-BB24E9DF97B8}.PhoneNetwork|ARM64.ActiveCfg = PhoneNetwork|ARM64
		{0183BEC8-A937-4857-AB9A-BB24E9DF97B8}.PhoneNetwork|ARM64.Deploy.0 = PhoneNetwork|ARM64
		{0183BEC8-A937-4857-AB9A-BB24E9DF97B8}.PhoneNetwork|x64.ActiveCfg = PhoneNetwork|ARM
		{0183BEC8-A937-4857-AB9A-BB24E9DF97B8}.PhoneNetwork|x86.ActiveCfg = PhoneNetwork|ARM
		{0183BEC8-A937-4857-AB9A-BB24E9DF97B8}.Release|ARM.ActiveCfg = Release|ARM
		{0183BEC8-A937-4857-AB9A-BB24E9DF97B8}.Release|ARM.Build.0 = Release|ARM
		{0183BEC8-A937-4857-AB9A-BB24E9DF97B8}.Release|ARM.Deploy.0 = Release|ARM
		{0183BEC8-A937-4857-AB9A-BB24E9DF97B8}.Release|ARM64.ActiveCfg = Release|ARM64
		{0183BEC8-A937-4857-AB9A-BB24E9DF97B8}.Release|ARM64.Build.0 = Release|ARM64
		{0183BEC8-A937-4857-AB9A-BB24E9DF97B8}.Release|ARM64.Deploy.0 = Release|ARM64
		{0183BEC8-A937-4857-AB9A-BB24E9DF97B8}.Release|x64.ActiveCfg = Release|ARM
		{0183BEC8-A937-4857-AB9A-BB24E9DF97B8}.Release|x86.ActiveCfg = Release|ARM
		{0183BEC8-A937-4857-AB9A-BB24E9DF97B8}.VNPC_net|ARM.ActiveCfg = VNPC_net|ARM
		{0183BEC8-A937-4857-AB9A-BB24E9DF97B8}.VNPC_net|ARM.Deploy.0 = VNPC_net|ARM
		{0183BEC8-A937-4857-AB9A-BB24E9DF97B8}.VNPC_net|ARM64.ActiveCfg = VNPC_net|ARM64
		{0183BEC8-A937-4857-AB9A-BB24E9DF97B8}.VNPC_net|ARM64.Deploy.0 = VNPC_net|ARM64
		{0183BEC8-A937-4857-AB9A-BB24E9DF97B8}.VNPC_net|x64.ActiveCfg = VNPC_net|ARM
		{0183BEC8-A937-4857-AB9A-BB24E9DF97B8}.VNPC_net|x86.ActiveCfg = VNPC_net|ARM
		{9AD5413A-6CC9-4268-9E6E-4E0505EAEFDD}.Debug|ARM.ActiveCfg = Debug|ARM
		{9AD5413A-6CC9-4268-9E6E-4E0505EAEFDD}.Debug|ARM.Build.0 = Debug|ARM
		{9AD5413A-6CC9-4268-9E6E-4E0505EAEFDD}.Debug|ARM.Deploy.0 = Debug|ARM
		{9AD5413A-6CC9-4268-9E6E-4E0505EAEFDD}.Debug|ARM64.ActiveCfg = Debug|ARM64
		{9AD5413A-6CC9-4268-9E6E-4E0505EAEFDD}.Debug|ARM64.Build.0 = Debug|ARM64
		{9AD5413A-6CC9-4268-9E6E-4E0505EAEFDD}.Debug|ARM64.Deploy.0 = Debug|ARM64
		{9AD5413A-6CC9-4268-9E6E-4E0505EAEFDD}.Debug|x64.ActiveCfg = Debug|x64
		{9AD5413A-6CC9-4268-9E6E-4E0505EAEFDD}.Debug|x64.Build.0 = Debug|x64
		{9AD5413A-6CC9-4268-9E6E-4E0505EAEFDD}.Debug|x64.Deploy.0 = Debug|x64
		{9AD5413A-6CC9-4268-9E6E-4E0505EAEFDD}.Debug|x86.ActiveCfg = Debug|x86
		{9AD5413A-6CC9-4268-9E6E-4E0505EAEFDD}.Debug|x86.Build.0 = Debug|x86
		{9AD5413A-6CC9-4268-9E6E-4E0505EAEFDD}.Debug|x86.Deploy.0 = Debug|x86
		{9AD5413A-6CC9-4268-9E6E-4E0505EAEFDD}.Linux|ARM.ActiveCfg = Release|ARM
		{9AD5413A-6CC9-4268-9E6E-4E0505EAEFDD}.Linux|ARM.Build.0 = Release|ARM
		{9AD5413A-6CC9-4268-9E6E-4E0505EAEFDD}.Linux|ARM.Deploy.0 = Release|ARM
		{9AD5413A-6CC9-4268-9E6E-4E0505EAEFDD}.Linux|ARM64.ActiveCfg = Release|ARM64
		{9AD5413A-6CC9-4268-9E6E-4E0505EAEFDD}.Linux|ARM64.Build.0 = Release|ARM64
		{9AD5413A-6CC9-4268-9E6E-4E0505EAEFDD}.Linux|ARM64.Deploy.0 = Release|ARM64
		{9AD5413A-6CC9-4268-9E6E-4E0505EAEFDD}.Linux|x64.ActiveCfg = Release|x64
		{9AD5413A-6CC9-4268-9E6E-4E0505EAEFDD}.Linux|x64.Build.0 = Release|x64
		{9AD5413A-6CC9-4268-9E6E-4E0505EAEFDD}.Linux|x64.Deploy.0 = Release|x64
		{9AD5413A-6CC9-4268-9E6E-4E0505EAEFDD}.Linux|x86.ActiveCfg = Release|x86
		{9AD5413A-6CC9-4268-9E6E-4E0505EAEFDD}.Linux|x86.Build.0 = Release|x86
		{9AD5413A-6CC9-4268-9E6E-4E0505EAEFDD}.Linux|x86.Deploy.0 = Release|x86
		{9AD5413A-6CC9-4268-9E6E-4E0505EAEFDD}.PhoneNetwork|ARM.ActiveCfg = PhoneNetwork|ARM
		{9AD5413A-6CC9-4268-9E6E-4E0505EAEFDD}.PhoneNetwork|ARM.Build.0 = PhoneNetwork|ARM
		{9AD5413A-6CC9-4268-9E6E-4E0505EAEFDD}.PhoneNetwork|ARM.Deploy.0 = PhoneNetwork|ARM
		{9AD5413A-6CC9-4268-9E6E-4E0505EAEFDD}.PhoneNetwork|ARM64.ActiveCfg = PhoneNetwork|ARM64
		{9AD5413A-6CC9-4268-9E6E-4E0505EAEFDD}.PhoneNetwork|ARM64.Build.0 = PhoneNetwork|ARM64
		{9AD5413A-6CC9-4268-9E6E-4E0505EAEFDD}.PhoneNetwork|ARM64.Deploy.0 = PhoneNetwork|ARM64
		{9AD5413A-6CC9-4268-9E6E-4E0505EAEFDD}.PhoneNetwork|x64.ActiveCfg = PhoneNetwork|x64
		{9AD5413A-6CC9-4268-9E6E-4E0505EAEFDD}.PhoneNetwork|x64.Build.0 = PhoneNetwork|x64
		{9AD5413A-6CC9-4268-9E6E-4E0505EAEFDD}.PhoneNetwork|x64.Deploy.0 = PhoneNetwork|x64
		{9AD5413A-6CC9-4268-9E6E-4E0505EAEFDD}.PhoneNetwork|x86.ActiveCfg = PhoneNetwork|x86
		{9AD5413A-6CC9-4268-9E6E-4E0505EAEFDD}.PhoneNetwork|x86.Build.0 = PhoneNetwork|x86
		{9AD5413A-6CC9-4268-9E6E-4E0505EAEFDD}.PhoneNetwork|x86.Deploy.0 = PhoneNetwork|x86
		{9AD5413A-6CC9-4268-9E6E-4E0505EAEFDD}.Release|ARM.ActiveCfg = Release|ARM
		{9AD5413A-6CC9-4268-9E6E-4E0505EAEFDD}.Release|ARM.Build.0 = Release|ARM
		{9AD5413A-6CC9-4268-9E6E-4E0505EAEFDD}.Release|ARM.Deploy.0 = Release|ARM
		{9AD5413A-6CC9-4268-9E6E-4E0505EAEFDD}.Release|ARM64.ActiveCfg = Release|ARM64
		{9AD5413A-6CC9-4268-9E6E-4E0505EAEFDD}.Release|ARM64.Build.0 = Release|ARM64
		{9AD5413A-6CC9-4268-9E6E-4E0505EAEFDD}.Release|ARM64.Deploy.0 = Release|ARM64
		{9AD5413A-6CC9-4268-9E6E-4E0505EAEFDD}.Release|x64.ActiveCfg = Release|x64
		{9AD5413A-6CC9-4268-9E6E-4E0505EAEFDD}.Release|x64.Build.0 = Release|x64
		{9AD5413A-6CC9-4268-9E6E-4E0505EAEFDD}.Release|x64.Deploy.0 = Release|x64
		{9AD5413A-6CC9-4268-9E6E-4E0505EAEFDD}.Release|x86.ActiveCfg = Release|x86
		{9AD5413A-6CC9-4268-9E6E-4E0505EAEFDD}.Release|x86.Build.0 = Release|x86
		{9AD5413A-6CC9-4268-9E6E-4E0505EAEFDD}.Release|x86.Deploy.0 = Release|x86
		{9AD5413A-6CC9-4268-9E6E-4E0505EAEFDD}.VNPC_net|ARM.ActiveCfg = VNPC_net|ARM
		{9AD5413A-6CC9-4268-9E6E-4E0505EAEFDD}.VNPC_net|ARM.Build.0 = VNPC_net|ARM
		{9AD5413A-6CC9-4268-9E6E-4E0505EAEFDD}.VNPC_net|ARM.Deploy.0 = VNPC_net|ARM
		{9AD5413A-6CC9-4268-9E6E-4E0505EAEFDD}.VNPC_net|ARM64.ActiveCfg = VNPC_net|ARM64
		{9AD5413A-6CC9-4268-9E6E-4E0505EAEFDD}.VNPC_net|ARM64.Build.0 = VNPC_net|ARM64
		{9AD5413A-6CC9-4268-9E6E-4E0505EAEFDD}.VNPC_net|ARM64.Deploy.0 = VNPC_net|ARM64
		{9AD5413A-6CC9-4268-9E6E-4E0505EAEFDD}.VNPC_net|x64.ActiveCfg = VNPC_net|x64
		{9AD5413A-6CC9-4268-9E6E-4E0505EAEFDD}.VNPC_net|x64.Build.0 = VNPC_net|x64
		{9AD5413A-6CC9-4268-9E6E-4E0505EAEFDD}.VNPC_net|x64.Deploy.0 = VNPC_net|x64
		{9AD5413A-6CC9-4268-9E6E-4E0505EAEFDD}.VNPC_net|x86.ActiveCfg = VNPC_net|x86
		{9AD5413A-6CC9-4268-9E6E-4E0505EAEFDD}.VNPC_net|x86.Build.0 = VNPC_net|x86
		{9AD5413A-6CC9-4268-9E6E-4E0505EAEFDD}.VNPC_net|x86.Deploy.0 = VNPC_net|x86
		{9C6A6871-CAA1-443C-BC44-5659B30C684E}.Debug|ARM.ActiveCfg = Debug|Win32
		{9C6A6871-CAA1-443C-BC44-5659B30C684E}.Debug|ARM64.ActiveCfg = Debug|Win32
		{9C6A6871-CAA1-443C-BC44-5659B30C684E}.Debug|x64.ActiveCfg = Debug|x64
		{9C6A6871-CAA1-443C-BC44-5659B30C684E}.Debug|x64.Build.0 = Debug|x64
		{9C6A6871-CAA1-443C-BC44-5659B30C684E}.Debug|x86.ActiveCfg = Debug|Win32
		{9C6A6871-CAA1-443C-BC44-5659B30C684E}.Debug|x86.Build.0 = Debug|Win32
		{9C6A6871-CAA1-443C-BC44-5659B30C684E}.Linux|ARM.ActiveCfg = Release|x64
		{9C6A6871-CAA1-443C-BC44-5659B30C684E}.Linux|ARM.Build.0 = Release|x64
		{9C6A6871-CAA1-443C-BC44-5659B30C684E}.Linux|ARM64.ActiveCfg = Release|x64
		{9C6A6871-CAA1-443C-BC44-5659B30C684E}.Linux|ARM64.Build.0 = Release|x64
		{9C6A6871-CAA1-443C-BC44-5659B30C684E}.Linux|x64.ActiveCfg = Release|x64
		{9C6A6871-CAA1-443C-BC44-5659B30C684E}.Linux|x64.Build.0 = Release|x64
		{9C6A6871-CAA1-443C-BC44-5659B30C684E}.Linux|x86.ActiveCfg = Release|Win32
		{9C6A6871-CAA1-443C-BC44-5659B30C684E}.Linux|x86.Build.0 = Release|Win32
		{9C6A6871-CAA1-443C-BC44-5659B30C684E}.PhoneNetwork|ARM.ActiveCfg = PhoneNetwork|Win32
		{9C6A6871-CAA1-443C-BC44-5659B30C684E}.PhoneNetwork|ARM64.ActiveCfg = PhoneNetwork|Win32
		{9C6A6871-CAA1-443C-BC44-5659B30C684E}.PhoneNetwork|x64.ActiveCfg = PhoneNetwork|x64
		{9C6A6871-CAA1-443C-BC44-5659B30C684E}.PhoneNetwork|x64.Build.0 = PhoneNetwork|x64
		{9C6A6871-CAA1-443C-BC44-5659B30C684E}.PhoneNetwork|x86.ActiveCfg = PhoneNetwork|Win32
		{9C6A6871-CAA1-443C-BC44-5659B30C684E}.PhoneNetwork|x86.Build.0 = PhoneNetwork|Win32
		{9C6A6871-CAA1-443C-BC44-5659B30C684E}.Release|ARM.ActiveCfg = Release|Win32
		{9C6A6871-CAA1-443C-BC44-5659B30C684E}.Release|ARM64.ActiveCfg = Release|Win32
		{9C6A6871-CAA1-443C-BC44-5659B30C684E}.Release|x64.ActiveCfg = Release|x64
		{9C6A6871-CAA1-443C-BC44-5659B30C684E}.Release|x64.Build.0 = Release|x64
		{9C6A6871-CAA1-443C-BC44-5659B30C684E}.Release|x86.ActiveCfg = Release|Win32
		{9C6A6871-CAA1-443C-BC44-5659B30C684E}.Release|x86.Build.0 = Release|Win32
		{9C6A6871-CAA1-443C-BC44-5659B30C684E}.VNPC_net|ARM.ActiveCfg = VNPC_net|Win32
		{9C6A6871-CAA1-443C-BC44-5659B30C684E}.VNPC_net|ARM64.ActiveCfg = VNPC_net|Win32
		{9C6A6871-CAA1-443C-BC44-5659B30C684E}.VNPC_net|x64.ActiveCfg = VNPC_net|x64
		{9C6A6871-CAA1-443C-BC44-5659B30C684E}.VNPC_net|x64.Build.0 = VNPC_net|x64
		{9C6A6871-CAA1-443C-BC44-5659B30C684E}.VNPC_net|x86.ActiveCfg = VNPC_net|Win32
		{9C6A6871-CAA1-443C-BC44-5659B30C684E}.VNPC_net|x86.Build.0 = VNPC_net|Win32
		{CE2B51CF-26C9-4EE2-956C-BBB2B7B05961}.Debug|ARM.ActiveCfg = Debug|ARM
		{CE2B51CF-26C9-4EE2-956C-BBB2B7B05961}.Debug|ARM.Build.0 = Debug|ARM
		{CE2B51CF-26C9-4EE2-956C-BBB2B7B05961}.Debug|ARM.Deploy.0 = Debug|ARM
		{CE2B51CF-26C9-4EE2-956C-BBB2B7B05961}.Debug|ARM64.ActiveCfg = Debug|ARM64
		{CE2B51CF-26C9-4EE2-956C-BBB2B7B05961}.Debug|ARM64.Build.0 = Debug|ARM64
		{CE2B51CF-26C9-4EE2-956C-BBB2B7B05961}.Debug|ARM64.Deploy.0 = Debug|ARM64
		{CE2B51CF-26C9-4EE2-956C-BBB2B7B05961}.Debug|x64.ActiveCfg = Debug|x64
		{CE2B51CF-26C9-4EE2-956C-BBB2B7B05961}.Debug|x64.Build.0 = Debug|x64
		{CE2B51CF-26C9-4EE2-956C-BBB2B7B05961}.Debug|x64.Deploy.0 = Debug|x64
		{CE2B51CF-26C9-4EE2-956C-BBB2B7B05961}.Debug|x86.ActiveCfg = Debug|x86
		{CE2B51CF-26C9-4EE2-956C-BBB2B7B05961}.Debug|x86.Build.0 = Debug|x86
		{CE2B51CF-26C9-4EE2-956C-BBB2B7B05961}.Debug|x86.Deploy.0 = Debug|x86
		{CE2B51CF-26C9-4EE2-956C-BBB2B7B05961}.Linux|ARM.ActiveCfg = Release|ARM
		{CE2B51CF-26C9-4EE2-956C-BBB2B7B05961}.Linux|ARM.Build.0 = Release|ARM
		{CE2B51CF-26C9-4EE2-956C-BBB2B7B05961}.Linux|ARM.Deploy.0 = Release|ARM
		{CE2B51CF-26C9-4EE2-956C-BBB2B7B05961}.Linux|ARM64.ActiveCfg = Release|ARM64
		{CE2B51CF-26C9-4EE2-956C-BBB2B7B05961}.Linux|ARM64.Build.0 = Release|ARM64
		{CE2B51CF-26C9-4EE2-956C-BBB2B7B05961}.Linux|ARM64.Deploy.0 = Release|ARM64
		{CE2B51CF-26C9-4EE2-956C-BBB2B7B05961}.Linux|x64.ActiveCfg = Release|x64
		{CE2B51CF-26C9-4EE2-956C-BBB2B7B05961}.Linux|x64.Build.0 = Release|x64
		{CE2B51CF-26C9-4EE2-956C-BBB2B7B05961}.Linux|x64.Deploy.0 = Release|x64
		{CE2B51CF-26C9-4EE2-956C-BBB2B7B05961}.Linux|x86.ActiveCfg = Release|x86
		{CE2B51CF-26C9-4EE2-956C-BBB2B7B05961}.Linux|x86.Build.0 = Release|x86
		{CE2B51CF-26C9-4EE2-956C-BBB2B7B05961}.Linux|x86.Deploy.0 = Release|x86
		{CE2B51CF-26C9-4EE2-956C-BBB2B7B05961}.PhoneNetwork|ARM.ActiveCfg = PhoneNetwork|ARM
		{CE2B51CF-26C9-4EE2-956C-BBB2B7B05961}.PhoneNetwork|ARM.Build.0 = PhoneNetwork|ARM
		{CE2B51CF-26C9-4EE2-956C-BBB2B7B05961}.PhoneNetwork|ARM.Deploy.0 = PhoneNetwork|ARM
		{CE2B51CF-26C9-4EE2-956C-BBB2B7B05961}.PhoneNetwork|ARM64.ActiveCfg = PhoneNetwork|ARM64
		{CE2B51CF-26C9-4EE2-956C-BBB2B7B05961}.PhoneNetwork|ARM64.Build.0 = PhoneNetwork|ARM64
		{CE2B51CF-26C9-4EE2-956C-BBB2B7B05961}.PhoneNetwork|ARM64.Deploy.0 = PhoneNetwork|ARM64
		{CE2B51CF-26C9-4EE2-956C-BBB2B7B05961}.PhoneNetwork|x64.ActiveCfg = PhoneNetwork|x64
		{CE2B51CF-26C9-4EE2-956C-BBB2B7B05961}.PhoneNetwork|x64.Build.0 = PhoneNetwork|x64
		{CE2B51CF-26C9-4EE2-956C-BBB2B7B05961}.PhoneNetwork|x64.Deploy.0 = PhoneNetwork|x64
		{CE2B51CF-26C9-4EE2-956C-BBB2B7B05961}.PhoneNetwork|x86.ActiveCfg = PhoneNetwork|x86
		{CE2B51CF-26C9-4EE2-956C-BBB2B7B05961}.PhoneNetwork|x86.Build.0 = PhoneNetwork|x86
		{CE2B51CF-26C9-4EE2-956C-BBB2B7B05961}.PhoneNetwork|x86.Deploy.0 = PhoneNetwork|x86
		{CE2B51CF-26C9-4EE2-956C-BBB2B7B05961}.Release|ARM.ActiveCfg = Release|ARM
		{CE2B51CF-26C9-4EE2-956C-BBB2B7B05961}.Release|ARM.Build.0 = Release|ARM
		{CE2B51CF-26C9-4EE2-956C-BBB2B7B05961}.Release|ARM.Deploy.0 = Release|ARM
		{CE2B51CF-26C9-4EE2-956C-BBB2B7B05961}.Release|ARM64.ActiveCfg = Release|ARM64
		{CE2B51CF-26C9-4EE2-956C-BBB2B7B05961}.Release|ARM64.Build.0 = Release|ARM64
		{CE2B51CF-26C9-4EE2-956C-BBB2B7B05961}.Release|ARM64.Deploy.0 = Release|ARM64
		{CE2B51CF-26C9-4EE2-956C-BBB2B7B05961}.Release|x64.ActiveCfg = Release|x64
		{CE2B51CF-26C9-4EE2-956C-BBB2B7B05961}.Release|x64.Build.0 = Release|x64
		{CE2B51CF-26C9-4EE2-956C-BBB2B7B05961}.Release|x64.Deploy.0 = Release|x64
		{CE2B51CF-26C9-4EE2-956C-BBB2B7B05961}.Release|x86.ActiveCfg = Release|x86
		{CE2B51CF-26C9-4EE2-956C-BBB2B7B05961}.Release|x86.Build.0 = Release|x86
		{CE2B51CF-26C9-4EE2-956C-BBB2B7B05961}.Release|x86.Deploy.0 = Release|x86
		{CE2B51CF-26C9-4EE2-956C-BBB2B7B05961}.VNPC_net|ARM.ActiveCfg = VNPC_net|ARM
		{CE2B51CF-26C9-4EE2-956C-BBB2B7B05961}.VNPC_net|ARM.Build.0 = VNPC_net|ARM
		{CE2B51CF-26C9-4EE2-956C-BBB2B7B05961}.VNPC_net|ARM.Deploy.0 = VNPC_net|ARM
		{CE2B51CF-26C9-4EE2-956C-BBB2B7B05961}.VNPC_net|ARM64.ActiveCfg = VNPC_net|ARM64
		{CE2B51CF-26C9-4EE2-956C-BBB2B7B05961}.VNPC_net|ARM64.Build.0 = VNPC_net|ARM64
		{CE2B51CF-26C9-4EE2-956C-BBB2B7B05961}.VNPC_net|ARM64.Deploy.0 = VNPC_net|ARM64
		{CE2B51CF-26C9-4EE2-956C-BBB2B7B05961}.VNPC_net|x64.ActiveCfg = VNPC_net|x64
		{CE2B51CF-26C9-4EE2-956C-BBB2B7B05961}.VNPC_net|x64.Build.0 = VNPC_net|x64
		{CE2B51CF-26C9-4EE2-956C-BBB2B7B05961}.VNPC_net|x64.Deploy.0 = VNPC_net|x64
		{CE2B51CF-26C9-4EE2-956C-BBB2B7B05961}.VNPC_net|x86.ActiveCfg = VNPC_net|x86
		{CE2B51CF-26C9-4EE2-956C-BBB2B7B05961}.VNPC_net|x86.Build.0 = VNPC_net|x86
		{CE2B51CF-26C9-4EE2-956C-BBB2B7B05961}.VNPC_net|x86.Deploy.0 = VNPC_net|x86
		{7AC4275C-1C7E-4319-A01D-20A17E81C1F2}.Debug|ARM.ActiveCfg = Debug|Win32
		{7AC4275C-1C7E-4319-A01D-20A17E81C1F2}.Debug|ARM64.ActiveCfg = Debug|Win32
		{7AC4275C-1C7E-4319-A01D-20A17E81C1F2}.Debug|x64.ActiveCfg = Debug|x64
		{7AC4275C-1C7E-4319-A01D-20A17E81C1F2}.Debug|x64.Build.0 = Debug|x64
		{7AC4275C-1C7E-4319-A01D-20A17E81C1F2}.Debug|x86.ActiveCfg = Debug|Win32
		{7AC4275C-1C7E-4319-A01D-20A17E81C1F2}.Debug|x86.Build.0 = Debug|Win32
		{7AC4275C-1C7E-4319-A01D-20A17E81C1F2}.Linux|ARM.ActiveCfg = Release|x64
		{7AC4275C-1C7E-4319-A01D-20A17E81C1F2}.Linux|ARM.Build.0 = Release|x64
		{7AC4275C-1C7E-4319-A01D-20A17E81C1F2}.Linux|ARM64.ActiveCfg = Release|x64
		{7AC4275C-1C7E-4319-A01D-20A17E81C1F2}.Linux|ARM64.Build.0 = Release|x64
		{7AC4275C-1C7E-4319-A01D-20A17E81C1F2}.Linux|x64.ActiveCfg = Release|x64
		{7AC4275C-1C7E-4319-A01D-20A17E81C1F2}.Linux|x64.Build.0 = Release|x64
		{7AC4275C-1C7E-4319-A01D-20A17E81C1F2}.Linux|x86.ActiveCfg = Release|Win32
		{7AC4275C-1C7E-4319-A01D-20A17E81C1F2}.Linux|x86.Build.0 = Release|Win32
		{7AC4275C-1C7E-4319-A01D-20A17E81C1F2}.PhoneNetwork|ARM.ActiveCfg = PhoneNetwork|Win32
		{7AC4275C-1C7E-4319-A01D-20A17E81C1F2}.PhoneNetwork|ARM64.ActiveCfg = PhoneNetwork|Win32
		{7AC4275C-1C7E-4319-A01D-20A17E81C1F2}.PhoneNetwork|x64.ActiveCfg = PhoneNetwork|x64
		{7AC4275C-1C7E-4319-A01D-20A17E81C1F2}.PhoneNetwork|x64.Build.0 = PhoneNetwork|x64
		{7AC4275C-1C7E-4319-A01D-20A17E81C1F2}.PhoneNetwork|x86.ActiveCfg = PhoneNetwork|Win32
		{7AC4275C-1C7E-4319-A01D-20A17E81C1F2}.PhoneNetwork|x86.Build.0 = PhoneNetwork|Win32
		{7AC4275C-1C7E-4319-A01D-20A17E81C1F2}.Release|ARM.ActiveCfg = Release|Win32
		{7AC4275C-1C7E-4319-A01D-20A17E81C1F2}.Release|ARM64.ActiveCfg = Release|Win32
		{7AC4275C-1C7E-4319-A01D-20A17E81C1F2}.Release|x64.ActiveCfg = Release|x64
		{7AC4275C-1C7E-4319-A01D-20A17E81C1F2}.Release|x64.Build.0 = Release|x64
		{7AC4275C-1C7E-4319-A01D-20A17E81C1F2}.Release|x86.ActiveCfg = Release|Win32
		{7AC4275C-1C7E-4319-A01D-20A17E81C1F2}.Release|x86.Build.0 = Release|Win32
		{7AC4275C-1C7E-4319-A01D-20A17E81C1F2}.VNPC_net|ARM.ActiveCfg = VNPC_net|Win32
		{7AC4275C-1C7E-4319-A01D-20A17E81C1F2}.VNPC_net|ARM64.ActiveCfg = VNPC_net|Win32
		{7AC4275C-1C7E-4319-A01D-20A17E81C1F2}.VNPC_net|x64.ActiveCfg = VNPC_net|x64
		{7AC4275C-1C7E-4319-A01D-20A17E81C1F2}.VNPC_net|x64.Build.0 = VNPC_net|x64
		{7AC4275C-1C7E-4319-A01D-20A17E81C1F2}.VNPC_net|x86.ActiveCfg = VNPC_net|Win32
		{7AC4275C-1C7E-4319-A01D-20A17E81C1F2}.VNPC_net|x86.Build.0 = VNPC_net|Win32
		{1BF596DF-C2AB-43AF-8543-4DEA24518A6C}.Debug|ARM.ActiveCfg = Debug|Win32
		{1BF596DF-C2AB-43AF-8543-4DEA24518A6C}.Debug|ARM64.ActiveCfg = Debug|Win32
		{1BF596DF-C2AB-43AF-8543-4DEA24518A6C}.Debug|x64.ActiveCfg = Debug|x64
		{1BF596DF-C2AB-43AF-8543-4DEA24518A6C}.Debug|x64.Build.0 = Debug|x64
		{1BF596DF-C2AB-43AF-8543-4DEA24518A6C}.Debug|x86.ActiveCfg = Debug|Win32
		{1BF596DF-C2AB-43AF-8543-4DEA24518A6C}.Debug|x86.Build.0 = Debug|Win32
		{1BF596DF-C2AB-43AF-8543-4DEA24518A6C}.Linux|ARM.ActiveCfg = Release|x64
		{1BF596DF-C2AB-43AF-8543-4DEA24518A6C}.Linux|ARM.Build.0 = Release|x64
		{1BF596DF-C2AB-43AF-8543-4DEA24518A6C}.Linux|ARM64.ActiveCfg = Release|x64
		{1BF596DF-C2AB-43AF-8543-4DEA24518A6C}.Linux|ARM64.Build.0 = Release|x64
		{1BF596DF-C2AB-43AF-8543-4DEA24518A6C}.Linux|x64.ActiveCfg = Release|x64
		{1BF596DF-C2AB-43AF-8543-4DEA24518A6C}.Linux|x64.Build.0 = Release|x64
		{1BF596DF-C2AB-43AF-8543-4DEA24518A6C}.Linux|x86.ActiveCfg = Release|Win32
		{1BF596DF-C2AB-43AF-8543-4DEA24518A6C}.Linux|x86.Build.0 = Release|Win32
		{1BF596DF-C2AB-43AF-8543-4DEA24518A6C}.PhoneNetwork|ARM.ActiveCfg = PhoneNetwork|Win32
		{1BF596DF-C2AB-43AF-8543-4DEA24518A6C}.PhoneNetwork|ARM64.ActiveCfg = PhoneNetwork|Win32
		{1BF596DF-C2AB-43AF-8543-4DEA24518A6C}.PhoneNetwork|x64.ActiveCfg = PhoneNetwork|x64
		{1BF596DF-C2AB-43AF-8543-4DEA24518A6C}.PhoneNetwork|x64.Build.0 = PhoneNetwork|x64
		{1BF596DF-C2AB-43AF-8543-4DEA24518A6C}.PhoneNetwork|x86.ActiveCfg = PhoneNetwork|Win32
		{1BF596DF-C2AB-43AF-8543-4DEA24518A6C}.PhoneNetwork|x86.Build.0 = PhoneNetwork|Win32
		{1BF596DF-C2AB-43AF-8543-4DEA24518A6C}.Release|ARM.ActiveCfg = Release|Win32
		{1BF596DF-C2AB-43AF-8543-4DEA24518A6C}.Release|ARM64.ActiveCfg = Release|Win32
		{1BF596DF-C2AB-43AF-8543-4DEA24518A6C}.Release|x64.ActiveCfg = Release|x64
		{1BF596DF-C2AB-43AF-8543-4DEA24518A6C}.Release|x64.Build.0 = Release|x64
		{1BF596DF-C2AB-43AF-8543-4DEA24518A6C}.Release|x86.ActiveCfg = Release|Win32
		{1BF596DF-C2AB-43AF-8543-4DEA24518A6C}.Release|x86.Build.0 = Release|Win32
		{1BF596DF-C2AB-43AF-8543-4DEA24518A6C}.VNPC_net|ARM.ActiveCfg = VNPC_net|Win32
		{1BF596DF-C2AB-43AF-8543-4DEA24518A6C}.VNPC_net|ARM64.ActiveCfg = VNPC_net|Win32
		{1BF596DF-C2AB-43AF-8543-4DEA24518A6C}.VNPC_net|x64.ActiveCfg = VNPC_net|x64
		{1BF596DF-C2AB-43AF-8543-4DEA24518A6C}.VNPC_net|x64.Build.0 = VNPC_net|x64
		{1BF596DF-C2AB-43AF-8543-4DEA24518A6C}.VNPC_net|x86.ActiveCfg = VNPC_net|Win32
		{1BF596DF-C2AB-43AF-8543-4DEA24518A6C}.VNPC_net|x86.Build.0 = VNPC_net|Win32
		{E9B47D08-DB94-43D7-A9A0-5599D08AEB22}.Debug|ARM.ActiveCfg = Debug|ARM
		{E9B47D08-DB94-43D7-A9A0-5599D08AEB22}.Debug|ARM.Build.0 = Debug|ARM
		{E9B47D08-DB94-43D7-A9A0-5599D08AEB22}.Debug|ARM.Deploy.0 = Debug|ARM
		{E9B47D08-DB94-43D7-A9A0-5599D08AEB22}.Debug|ARM64.ActiveCfg = Debug|ARM64
		{E9B47D08-DB94-43D7-A9A0-5599D08AEB22}.Debug|ARM64.Build.0 = Debug|ARM64
		{E9B47D08-DB94-43D7-A9A0-5599D08AEB22}.Debug|ARM64.Deploy.0 = Debug|ARM64
		{E9B47D08-DB94-43D7-A9A0-5599D08AEB22}.Debug|x64.ActiveCfg = Debug|x64
		{E9B47D08-DB94-43D7-A9A0-5599D08AEB22}.Debug|x64.Build.0 = Debug|x64
		{E9B47D08-DB94-43D7-A9A0-5599D08AEB22}.Debug|x64.Deploy.0 = Debug|x64
		{E9B47D08-DB94-43D7-A9A0-5599D08AEB22}.Debug|x86.ActiveCfg = Debug|x86
		{E9B47D08-DB94-43D7-A9A0-5599D08AEB22}.Debug|x86.Build.0 = Debug|x86
		{E9B47D08-DB94-43D7-A9A0-5599D08AEB22}.Debug|x86.Deploy.0 = Debug|x86
		{E9B47D08-DB94-43D7-A9A0-5599D08AEB22}.Linux|ARM.ActiveCfg = Release|ARM
		{E9B47D08-DB94-43D7-A9A0-5599D08AEB22}.Linux|ARM.Build.0 = Release|ARM
		{E9B47D08-DB94-43D7-A9A0-5599D08AEB22}.Linux|ARM.Deploy.0 = Release|ARM
		{E9B47D08-DB94-43D7-A9A0-5599D08AEB22}.Linux|ARM64.ActiveCfg = Release|ARM64
		{E9B47D08-DB94-43D7-A9A0-5599D08AEB22}.Linux|ARM64.Build.0 = Release|ARM64
		{E9B47D08-DB94-43D7-A9A0-5599D08AEB22}.Linux|ARM64.Deploy.0 = Release|ARM64
		{E9B47D08-DB94-43D7-A9A0-5599D08AEB22}.Linux|x64.ActiveCfg = Release|x64
		{E9B47D08-DB94-43D7-A9A0-5599D08AEB22}.Linux|x64.Build.0 = Release|x64
		{E9B47D08-DB94-43D7-A9A0-5599D08AEB22}.Linux|x64.Deploy.0 = Release|x64
		{E9B47D08-DB94-43D7-A9A0-5599D08AEB22}.Linux|x86.ActiveCfg = Release|x86
		{E9B47D08-DB94-43D7-A9A0-5599D08AEB22}.Linux|x86.Build.0 = Release|x86
		{E9B47D08-DB94-43D7-A9A0-5599D08AEB22}.Linux|x86.Deploy.0 = Release|x86
		{E9B47D08-DB94-43D7-A9A0-5599D08AEB22}.PhoneNetwork|ARM.ActiveCfg = PhoneNetwork|ARM
		{E9B47D08-DB94-43D7-A9A0-5599D08AEB22}.PhoneNetwork|ARM.Build.0 = PhoneNetwork|ARM
		{E9B47D08-DB94-43D7-A9A0-5599D08AEB22}.PhoneNetwork|ARM.Deploy.0 = PhoneNetwork|ARM
		{E9B47D08-DB94-43D7-A9A0-5599D08AEB22}.PhoneNetwork|ARM64.ActiveCfg = PhoneNetwork|ARM64
		{E9B47D08-DB94-43D7-A9A0-5599D08AEB22}.PhoneNetwork|ARM64.Build.0 = PhoneNetwork|ARM64
		{E9B47D08-DB94-43D7-A9A0-5599D08AEB22}.PhoneNetwork|ARM64.Deploy.0 = PhoneNetwork|ARM64
		{E9B47D08-DB94-43D7-A9A0-5599D08AEB22}.PhoneNetwork|x64.ActiveCfg = PhoneNetwork|x64
		{E9B47D08-DB94-43D7-A9A0-5599D08AEB22}.PhoneNetwork|x64.Build.0 = PhoneNetwork|x64
		{E9B47D08-DB94-43D7-A9A0-5599D08AEB22}.PhoneNetwork|x64.Deploy.0 = PhoneNetwork|x64
		{E9B47D08-DB94-43D7-A9A0-5599D08AEB22}.PhoneNetwork|x86.ActiveCfg = PhoneNetwork|x86
		{E9B47D08-DB94-43D7-A9A0-5599D08AEB22}.PhoneNetwork|x86.Build.0 = PhoneNetwork|x86
		{E9B47D08-DB94-43D7-A9A0-5599D08AEB22}.PhoneNetwork|x86.Deploy.0 = PhoneNetwork|x86
		{E9B47D08-DB94-43D7-A9A0-5599D08AEB22}.Release|ARM.ActiveCfg = Release|ARM
		{E9B47D08-DB94-43D7-A9A0-5599D08AEB22}.Release|ARM.Build.0 = Release|ARM
		{E9B47D08-DB94-43D7-A9A0-5599D08AEB22}.Release|ARM.Deploy.0 = Release|ARM
		{E9B47D08-DB94-43D7-A9A0-5599D08AEB22}.Release|ARM64.ActiveCfg = Release|ARM64
		{E9B47D08-DB94-43D7-A9A0-5599D08AEB22}.Release|ARM64.Build.0 = Release|ARM64
		{E9B47D08-DB94-43D7-A9A0-5599D08AEB22}.Release|ARM64.Deploy.0 = Release|ARM64
		{E9B47D08-DB94-43D7-A9A0-5599D08AEB22}.Release|x64.ActiveCfg = Release|x64
		{E9B47D08-DB94-43D7-A9A0-5599D08AEB22}.Release|x64.Build.0 = Release|x64
		{E9B47D08-DB94-43D7-A9A0-5599D08AEB22}.Release|x64.Deploy.0 = Release|x64
		{E9B47D08-DB94-43D7-A9A0-5599D08AEB22}.Release|x86.ActiveCfg = Release|x86
		{E9B47D08-DB94-43D7-A9A0-5599D08AEB22}.Release|x86.Build.0 = Release|x86
		{E9B47D08-DB94-43D7-A9A0-5599D08AEB22}.Release|x86.Deploy.0 = Release|x86
		{E9B47D08-DB94-43D7-A9A0-5599D08AEB22}.VNPC_net|ARM.ActiveCfg = VNPC_net|ARM
		{E9B47D08-DB94-43D7-A9A0-5599D08AEB22}.VNPC_net|ARM.Build.0 = VNPC_net|ARM
		{E9B47D08-DB94-43D7-A9A0-5599D08AEB22}.VNPC_net|ARM.Deploy.0 = VNPC_net|ARM
		{E9B47D08-DB94-43D7-A9A0-5599D08AEB22}.VNPC_net|ARM64.ActiveCfg = VNPC_net|ARM64
		{E9B47D08-DB94-43D7-A9A0-5599D08AEB22}.VNPC_net|ARM64.Build.0 = VNPC_net|ARM64
		{E9B47D08-DB94-43D7-A9A0-5599D08AEB22}.VNPC_net|ARM64.Deploy.0 = VNPC_net|ARM64
		{E9B47D08-DB94-43D7-A9A0-5599D08AEB22}.VNPC_net|x64.ActiveCfg = VNPC_net|x64
		{E9B47D08-DB94-43D7-A9A0-5599D08AEB22}.VNPC_net|x64.Build.0 = VNPC_net|x64
		{E9B47D08-DB94-43D7-A9A0-5599D08AEB22}.VNPC_net|x64.Deploy.0 = VNPC_net|x64
		{E9B47D08-DB94-43D7-A9A0-5599D08AEB22}.VNPC_net|x86.ActiveCfg = VNPC_net|x86
		{E9B47D08-DB94-43D7-A9A0-5599D08AEB22}.VNPC_net|x86.Build.0 = VNPC_net|x86
		{E9B47D08-DB94-43D7-A9A0-5599D08AEB22}.VNPC_net|x86.Deploy.0 = VNPC_net|x86
		{D35C7B3B-75AD-402E-9CCC-077B8EE35F3F}.Debug|ARM.ActiveCfg = Debug|ARM
		{D35C7B3B-75AD-402E-9CCC-077B8EE35F3F}.Debug|ARM.Build.0 = Debug|ARM
		{D35C7B3B-75AD-402E-9CCC-077B8EE35F3F}.Debug|ARM.Deploy.0 = Debug|ARM
		{D35C7B3B-75AD-402E-9CCC-077B8EE35F3F}.Debug|ARM64.ActiveCfg = Debug|ARM64
		{D35C7B3B-75AD-402E-9CCC-077B8EE35F3F}.Debug|ARM64.Build.0 = Debug|ARM64
		{D35C7B3B-75AD-402E-9CCC-077B8EE35F3F}.Debug|ARM64.Deploy.0 = Debug|ARM64
		{D35C7B3B-75AD-402E-9CCC-077B8EE35F3F}.Debug|x64.ActiveCfg = Debug|x64
		{D35C7B3B-75AD-402E-9CCC-077B8EE35F3F}.Debug|x64.Build.0 = Debug|x64
		{D35C7B3B-75AD-402E-9CCC-077B8EE35F3F}.Debug|x64.Deploy.0 = Debug|x64
		{D35C7B3B-75AD-402E-9CCC-077B8EE35F3F}.Debug|x86.ActiveCfg = Debug|x86
		{D35C7B3B-75AD-402E-9CCC-077B8EE35F3F}.Debug|x86.Build.0 = Debug|x86
		{D35C7B3B-75AD-402E-9CCC-077B8EE35F3F}.Debug|x86.Deploy.0 = Debug|x86
		{D35C7B3B-75AD-402E-9CCC-077B8EE35F3F}.Linux|ARM.ActiveCfg = Release|ARM
		{D35C7B3B-75AD-402E-9CCC-077B8EE35F3F}.Linux|ARM.Build.0 = Release|ARM
		{D35C7B3B-75AD-402E-9CCC-077B8EE35F3F}.Linux|ARM.Deploy.0 = Release|ARM
		{D35C7B3B-75AD-402E-9CCC-077B8EE35F3F}.Linux|ARM64.ActiveCfg = Release|ARM64
		{D35C7B3B-75AD-402E-9CCC-077B8EE35F3F}.Linux|ARM64.Build.0 = Release|ARM64
		{D35C7B3B-75AD-402E-9CCC-077B8EE35F3F}.Linux|ARM64.Deploy.0 = Release|ARM64
		{D35C7B3B-75AD-402E-9CCC-077B8EE35F3F}.Linux|x64.ActiveCfg = Release|x64
		{D35C7B3B-75AD-402E-9CCC-077B8EE35F3F}.Linux|x64.Build.0 = Release|x64
		{D35C7B3B-75AD-402E-9CCC-077B8EE35F3F}.Linux|x64.Deploy.0 = Release|x64
		{D35C7B3B-75AD-402E-9CCC-077B8EE35F3F}.Linux|x86.ActiveCfg = Release|x86
		{D35C7B3B-75AD-402E-9CCC-077B8EE35F3F}.Linux|x86.Build.0 = Release|x86
		{D35C7B3B-75AD-402E-9CCC-077B8EE35F3F}.Linux|x86.Deploy.0 = Release|x86
		{D35C7B3B-75AD-402E-9CCC-077B8EE35F3F}.PhoneNetwork|ARM.ActiveCfg = PhoneNetwork|ARM
		{D35C7B3B-75AD-402E-9CCC-077B8EE35F3F}.PhoneNetwork|ARM.Build.0 = PhoneNetwork|ARM
		{D35C7B3B-75AD-402E-9CCC-077B8EE35F3F}.PhoneNetwork|ARM.Deploy.0 = PhoneNetwork|ARM
		{D35C7B3B-75AD-402E-9CCC-077B8EE35F3F}.PhoneNetwork|ARM64.ActiveCfg = PhoneNetwork|ARM64
		{D35C7B3B-75AD-402E-9CCC-077B8EE35F3F}.PhoneNetwork|ARM64.Build.0 = PhoneNetwork|ARM64
		{D35C7B3B-75AD-402E-9CCC-077B8EE35F3F}.PhoneNetwork|ARM64.Deploy.0 = PhoneNetwork|ARM64
		{D35C7B3B-75AD-402E-9CCC-077B8EE35F3F}.PhoneNetwork|x64.ActiveCfg = PhoneNetwork|x64
		{D35C7B3B-75AD-402E-9CCC-077B8EE35F3F}.PhoneNetwork|x64.Build.0 = PhoneNetwork|x64
		{D35C7B3B-75AD-402E-9CCC-077B8EE35F3F}.PhoneNetwork|x64.Deploy.0 = PhoneNetwork|x64
		{D35C7B3B-75AD-402E-9CCC-077B8EE35F3F}.PhoneNetwork|x86.ActiveCfg = PhoneNetwork|x86
		{D35C7B3B-75AD-402E-9CCC-077B8EE35F3F}.PhoneNetwork|x86.Build.0 = PhoneNetwork|x86
		{D35C7B3B-75AD-402E-9CCC-077B8EE35F3F}.PhoneNetwork|x86.Deploy.0 = PhoneNetwork|x86
		{D35C7B3B-75AD-402E-9CCC-077B8EE35F3F}.Release|ARM.ActiveCfg = Release|ARM
		{D35C7B3B-75AD-402E-9CCC-077B8EE35F3F}.Release|ARM.Build.0 = Release|ARM
		{D35C7B3B-75AD-402E-9CCC-077B8EE35F3F}.Release|ARM.Deploy.0 = Release|ARM
		{D35C7B3B-75AD-402E-9CCC-077B8EE35F3F}.Release|ARM64.ActiveCfg = Release|ARM64
		{D35C7B3B-75AD-402E-9CCC-077B8EE35F3F}.Release|ARM64.Build.0 = Release|ARM64
		{D35C7B3B-75AD-402E-9CCC-077B8EE35F3F}.Release|ARM64.Deploy.0 = Release|ARM64
		{D35C7B3B-75AD-402E-9CCC-077B8EE35F3F}.Release|x64.ActiveCfg = Release|x64
		{D35C7B3B-75AD-402E-9CCC-077B8EE35F3F}.Release|x64.Build.0 = Release|x64
		{D35C7B3B-75AD-402E-9CCC-077B8EE35F3F}.Release|x64.Deploy.0 = Release|x64
		{D35C7B3B-75AD-402E-9CCC-077B8EE35F3F}.Release|x86.ActiveCfg = Release|x86
		{D35C7B3B-75AD-402E-9CCC-077B8EE35F3F}.Release|x86.Build.0 = Release|x86
		{D35C7B3B-75AD-402E-9CCC-077B8EE35F3F}.Release|x86.Deploy.0 = Release|x86
		{D35C7B3B-75AD-402E-9CCC-077B8EE35F3F}.VNPC_net|ARM.ActiveCfg = Release|ARM
		{D35C7B3B-75AD-402E-9CCC-077B8EE35F3F}.VNPC_net|ARM.Build.0 = Release|ARM
		{D35C7B3B-75AD-402E-9CCC-077B8EE35F3F}.VNPC_net|ARM.Deploy.0 = Release|ARM
		{D35C7B3B-75AD-402E-9CCC-077B8EE35F3F}.VNPC_net|ARM64.ActiveCfg = Release|ARM64
		{D35C7B3B-75AD-402E-9CCC-077B8EE35F3F}.VNPC_net|ARM64.Build.0 = Release|ARM64
		{D35C7B3B-75AD-402E-9CCC-077B8EE35F3F}.VNPC_net|ARM64.Deploy.0 = Release|ARM64
		{D35C7B3B-75AD-402E-9CCC-077B8EE35F3F}.VNPC_net|x64.ActiveCfg = Release|x64
		{D35C7B3B-75AD-402E-9CCC-077B8EE35F3F}.VNPC_net|x64.Build.0 = Release|x64
		{D35C7B3B-75AD-402E-9CCC-077B8EE35F3F}.VNPC_net|x64.Deploy.0 = Release|x64
		{D35C7B3B-75AD-402E-9CCC-077B8EE35F3F}.VNPC_net|x86.ActiveCfg = Release|x86
		{D35C7B3B-75AD-402E-9CCC-077B8EE35F3F}.VNPC_net|x86.Build.0 = Release|x86
		{D35C7B3B-75AD-402E-9CCC-077B8EE35F3F}.VNPC_net|x86.Deploy.0 = Release|x86
		{582F287E-A3BC-4B97-BCBF-5AB840025E2B}.Debug|ARM.ActiveCfg = Debug|ARM
		{582F287E-A3BC-4B97-BCBF-5AB840025E2B}.Debug|ARM.Build.0 = Debug|ARM
		{582F287E-A3BC-4B97-BCBF-5AB840025E2B}.Debug|ARM.Deploy.0 = Debug|ARM
		{582F287E-A3BC-4B97-BCBF-5AB840025E2B}.Debug|ARM64.ActiveCfg = Debug|ARM64
		{582F287E-A3BC-4B97-BCBF-5AB840025E2B}.Debug|ARM64.Build.0 = Debug|ARM64
		{582F287E-A3BC-4B97-BCBF-5AB840025E2B}.Debug|ARM64.Deploy.0 = Debug|ARM64
		{582F287E-A3BC-4B97-BCBF-5AB840025E2B}.Debug|x64.ActiveCfg = Debug|x64
		{582F287E-A3BC-4B97-BCBF-5AB840025E2B}.Debug|x64.Build.0 = Debug|x64
		{582F287E-A3BC-4B97-BCBF-5AB840025E2B}.Debug|x64.Deploy.0 = Debug|x64
		{582F287E-A3BC-4B97-BCBF-5AB840025E2B}.Debug|x86.ActiveCfg = Debug|x86
		{582F287E-A3BC-4B97-BCBF-5AB840025E2B}.Debug|x86.Build.0 = Debug|x86
		{582F287E-A3BC-4B97-BCBF-5AB840025E2B}.Debug|x86.Deploy.0 = Debug|x86
		{582F287E-A3BC-4B97-BCBF-5AB840025E2B}.Linux|ARM.ActiveCfg = Release|ARM
		{582F287E-A3BC-4B97-BCBF-5AB840025E2B}.Linux|ARM.Build.0 = Release|ARM
		{582F287E-A3BC-4B97-BCBF-5AB840025E2B}.Linux|ARM.Deploy.0 = Release|ARM
		{582F287E-A3BC-4B97-BCBF-5AB840025E2B}.Linux|ARM64.ActiveCfg = Release|ARM64
		{582F287E-A3BC-4B97-BCBF-5AB840025E2B}.Linux|ARM64.Build.0 = Release|ARM64
		{582F287E-A3BC-4B97-BCBF-5AB840025E2B}.Linux|ARM64.Deploy.0 = Release|ARM64
		{582F287E-A3BC-4B97-BCBF-5AB840025E2B}.Linux|x64.ActiveCfg = Release|x64
		{582F287E-A3BC-4B97-BCBF-5AB840025E2B}.Linux|x64.Build.0 = Release|x64
		{582F287E-A3BC-4B97-BCBF-5AB840025E2B}.Linux|x64.Deploy.0 = Release|x64
		{582F287E-A3BC-4B97-BCBF-5AB840025E2B}.Linux|x86.ActiveCfg = Release|x86
		{582F287E-A3BC-4B97-BCBF-5AB840025E2B}.Linux|x86.Build.0 = Release|x86
		{582F287E-A3BC-4B97-BCBF-5AB840025E2B}.Linux|x86.Deploy.0 = Release|x86
		{582F287E-A3BC-4B97-BCBF-5AB840025E2B}.PhoneNetwork|ARM.ActiveCfg = PhoneNetwork|ARM
		{582F287E-A3BC-4B97-BCBF-5AB840025E2B}.PhoneNetwork|ARM.Build.0 = PhoneNetwork|ARM
		{582F287E-A3BC-4B97-BCBF-5AB840025E2B}.PhoneNetwork|ARM.Deploy.0 = PhoneNetwork|ARM
		{582F287E-A3BC-4B97-BCBF-5AB840025E2B}.PhoneNetwork|ARM64.ActiveCfg = PhoneNetwork|ARM64
		{582F287E-A3BC-4B97-BCBF-5AB840025E2B}.PhoneNetwork|ARM64.Build.0 = PhoneNetwork|ARM64
		{582F287E-A3BC-4B97-BCBF-5AB840025E2B}.PhoneNetwork|ARM64.Deploy.0 = PhoneNetwork|ARM64
		{582F287E-A3BC-4B97-BCBF-5AB840025E2B}.PhoneNetwork|x64.ActiveCfg = PhoneNetwork|x64
		{582F287E-A3BC-4B97-BCBF-5AB840025E2B}.PhoneNetwork|x64.Build.0 = PhoneNetwork|x64
		{582F287E-A3BC-4B97-BCBF-5AB840025E2B}.PhoneNetwork|x64.Deploy.0 = PhoneNetwork|x64
		{582F287E-A3BC-4B97-BCBF-5AB840025E2B}.PhoneNetwork|x86.ActiveCfg = PhoneNetwork|x86
		{582F287E-A3BC-4B97-BCBF-5AB840025E2B}.PhoneNetwork|x86.Build.0 = PhoneNetwork|x86
		{582F287E-A3BC-4B97-BCBF-5AB840025E2B}.PhoneNetwork|x86.Deploy.0 = PhoneNetwork|x86
		{582F287E-A3BC-4B97-BCBF-5AB840025E2B}.Release|ARM.ActiveCfg = Release|ARM
		{582F287E-A3BC-4B97-BCBF-5AB840025E2B}.Release|ARM.Build.0 = Release|ARM
		{582F287E-A3BC-4B97-BCBF-5AB840025E2B}.Release|ARM.Deploy.0 = Release|ARM
		{582F287E-A3BC-4B97-BCBF-5AB840025E2B}.Release|ARM64.ActiveCfg = Release|ARM64
		{582F287E-A3BC-4B97-BCBF-5AB840025E2B}.Release|ARM64.Build.0 = Release|ARM64
		{582F287E-A3BC-4B97-BCBF-5AB840025E2B}.Release|ARM64.Deploy.0 = Release|ARM64
		{582F287E-A3BC-4B97-BCBF-5AB840025E2B}.Release|x64.ActiveCfg = Release|x64
		{582F287E-A3BC-4B97-BCBF-5AB840025E2B}.Release|x64.Build.0 = Release|x64
		{582F287E-A3BC-4B97-BCBF-5AB840025E2B}.Release|x64.Deploy.0 = Release|x64
		{582F287E-A3BC-4B97-BCBF-5AB840025E2B}.Release|x86.ActiveCfg = Release|x86
		{582F287E-A3BC-4B97-BCBF-5AB840025E2B}.Release|x86.Build.0 = Release|x86
		{582F287E-A3BC-4B97-BCBF-5AB840025E2B}.Release|x86.Deploy.0 = Release|x86
		{582F287E-A3BC-4B97-BCBF-5AB840025E2B}.VNPC_net|ARM.ActiveCfg = Release|ARM
		{582F287E-A3BC-4B97-BCBF-5AB840025E2B}.VNPC_net|ARM.Build.0 = Release|ARM
		{582F287E-A3BC-4B97-BCBF-5AB840025E2B}.VNPC_net|ARM.Deploy.0 = Release|ARM
		{582F287E-A3BC-4B97-BCBF-5AB840025E2B}.VNPC_net|ARM64.ActiveCfg = Release|ARM64
		{582F287E-A3BC-4B97-BCBF-5AB840025E2B}.VNPC_net|ARM64.Build.0 = Release|ARM64
		{582F287E-A3BC-4B97-BCBF-5AB840025E2B}.VNPC_net|ARM64.Deploy.0 = Release|ARM64
		{582F287E-A3BC-4B97-BCBF-5AB840025E2B}.VNPC_net|x64.ActiveCfg = Release|x64
		{582F287E-A3BC-4B97-BCBF-5AB840025E2B}.VNPC_net|x64.Build.0 = Release|x64
		{582F287E-A3BC-4B97-BCBF-5AB840025E2B}.VNPC_net|x64.Deploy.0 = Release|x64
		{582F287E-A3BC-4B97-BCBF-5AB840025E2B}.VNPC_net|x86.ActiveCfg = Release|x86
		{582F287E-A3BC-4B97-BCBF-5AB840025E2B}.VNPC_net|x86.Build.0 = Release|x86
		{582F287E-A3BC-4B97-BCBF-5AB840025E2B}.VNPC_net|x86.Deploy.0 = Release|x86
	EndGlobalSection
	GlobalSection(SolutionProperties) = preSolution
		HideSolutionNode = FALSE
	EndGlobalSection
	GlobalSection(ExtensibilityGlobals) = postSolution
		SolutionGuid = {6DF79916-79B0-49EE-9A89-DBC6615CEE52}
	EndGlobalSection
EndGlobal
