
Microsoft Visual Studio Solution File, Format Version 12.00
# Visual Studio Version 16
VisualStudioVersion = 16.0.29613.14
MinimumVisualStudioVersion = 10.0.40219.1
Project("{8BC9CEB8-8B4A-11D0-8D11-00A0C91BC942}") = "MRSbase_Windows", "MRSbase\MRSbase.vcxproj", "{EF1AE3AF-3ACE-473D-B970-6133353D29E9}"
EndProject
Project("{8BC9CEB8-8B4A-11D0-8D11-00A0C91BC942}") = "RPITest", "RPITest\RPITest.vcxproj", "{0183BEC8-A937-4857-AB9A-BB24E9DF97B8}"
EndProject
Project("{8BC9CEB8-8B4A-11D0-8D11-00A0C91BC942}") = "MRSbase_Linux", "MRSbase_Linux\MRSbase_Linux.vcxproj", "{9AD5413A-6CC9-4268-9E6E-4E0505EAEFDD}"
EndProject
Project("{8BC9CEB8-8B4A-11D0-8D11-00A0C91BC942}") = "MRSbase_cpp", "MRSbase_cpp\MRSbase_cpp.vcxitems", "{F29629B6-5C1B-4BD2-8A06-19297F694980}"
EndProject
Global
	GlobalSection(SolutionConfigurationPlatforms) = preSolution
		Debug|ARM = Debug|ARM
		Debug|ARM64 = Debug|ARM64
		Debug|x64 = Debug|x64
		Debug|x86 = Debug|x86
		Linux|ARM = Linux|ARM
		Linux|ARM64 = Linux|ARM64
		Linux|x64 = Linux|x64
		Linux|x86 = Linux|x86
		Release|ARM = Release|ARM
		Release|ARM64 = Release|ARM64
		Release|x64 = Release|x64
		Release|x86 = Release|x86
	EndGlobalSection
	GlobalSection(ProjectConfigurationPlatforms) = postSolution
		{EF1AE3AF-3ACE-473D-B970-6133353D29E9}.Debug|ARM.ActiveCfg = Debug|ARM
		{EF1AE3AF-3ACE-473D-B970-6133353D29E9}.Debug|ARM.Build.0 = Debug|ARM
		{EF1AE3AF-3ACE-473D-B970-6133353D29E9}.Debug|ARM64.ActiveCfg = Debug|Win32
		{EF1AE3AF-3ACE-473D-B970-6133353D29E9}.Debug|x64.ActiveCfg = Debug|x64
		{EF1AE3AF-3ACE-473D-B970-6133353D29E9}.Debug|x64.Build.0 = Debug|x64
		{EF1AE3AF-3ACE-473D-B970-6133353D29E9}.Debug|x86.ActiveCfg = Debug|Win32
		{EF1AE3AF-3ACE-473D-B970-6133353D29E9}.Debug|x86.Build.0 = Debug|Win32
		{EF1AE3AF-3ACE-473D-B970-6133353D29E9}.Linux|ARM.ActiveCfg = Linux|ARM
		{EF1AE3AF-3ACE-473D-B970-6133353D29E9}.Linux|ARM.Build.0 = Linux|ARM
		{EF1AE3AF-3ACE-473D-B970-6133353D29E9}.Linux|ARM64.ActiveCfg = Linux|Win32
		{EF1AE3AF-3ACE-473D-B970-6133353D29E9}.Linux|x64.ActiveCfg = Linux|x64
		{EF1AE3AF-3ACE-473D-B970-6133353D29E9}.Linux|x64.Build.0 = Linux|x64
		{EF1AE3AF-3ACE-473D-B970-6133353D29E9}.Linux|x86.ActiveCfg = Linux|Win32
		{EF1AE3AF-3ACE-473D-B970-6133353D29E9}.Linux|x86.Build.0 = Linux|Win32
		{EF1AE3AF-3ACE-473D-B970-6133353D29E9}.Release|ARM.ActiveCfg = Release|ARM
		{EF1AE3AF-3ACE-473D-B970-6133353D29E9}.Release|ARM.Build.0 = Release|ARM
		{EF1AE3AF-3ACE-473D-B970-6133353D29E9}.Release|ARM64.ActiveCfg = Release|Win32
		{EF1AE3AF-3ACE-473D-B970-6133353D29E9}.Release|x64.ActiveCfg = Release|x64
		{EF1AE3AF-3ACE-473D-B970-6133353D29E9}.Release|x64.Build.0 = Release|x64
		{EF1AE3AF-3ACE-473D-B970-6133353D29E9}.Release|x86.ActiveCfg = Release|Win32
		{EF1AE3AF-3ACE-473D-B970-6133353D29E9}.Release|x86.Build.0 = Release|Win32
		{0183BEC8-A937-4857-AB9A-BB24E9DF97B8}.Debug|ARM.ActiveCfg = Debug|ARM
		{0183BEC8-A937-4857-AB9A-BB24E9DF97B8}.Debug|ARM.Build.0 = Debug|ARM
		{0183BEC8-A937-4857-AB9A-BB24E9DF97B8}.Debug|ARM.Deploy.0 = Debug|ARM
		{0183BEC8-A937-4857-AB9A-BB24E9DF97B8}.Debug|ARM64.ActiveCfg = Debug|ARM64
		{0183BEC8-A937-4857-AB9A-BB24E9DF97B8}.Debug|ARM64.Build.0 = Debug|ARM64
		{0183BEC8-A937-4857-AB9A-BB24E9DF97B8}.Debug|ARM64.Deploy.0 = Debug|ARM64
		{0183BEC8-A937-4857-AB9A-BB24E9DF97B8}.Debug|x64.ActiveCfg = Debug|ARM
		{0183BEC8-A937-4857-AB9A-BB24E9DF97B8}.Debug|x86.ActiveCfg = Debug|ARM
		{0183BEC8-A937-4857-AB9A-BB24E9DF97B8}.Linux|ARM.ActiveCfg = Release|ARM
		{0183BEC8-A937-4857-AB9A-BB24E9DF97B8}.Linux|ARM.Build.0 = Release|ARM
		{0183BEC8-A937-4857-AB9A-BB24E9DF97B8}.Linux|ARM.Deploy.0 = Release|ARM
		{0183BEC8-A937-4857-AB9A-BB24E9DF97B8}.Linux|ARM64.ActiveCfg = Release|ARM64
		{0183BEC8-A937-4857-AB9A-BB24E9DF97B8}.Linux|ARM64.Build.0 = Release|ARM64
		{0183BEC8-A937-4857-AB9A-BB24E9DF97B8}.Linux|ARM64.Deploy.0 = Release|ARM64
		{0183BEC8-A937-4857-AB9A-BB24E9DF97B8}.Linux|x64.ActiveCfg = Release|ARM
		{0183BEC8-A937-4857-AB9A-BB24E9DF97B8}.Linux|x64.Build.0 = Release|ARM
		{0183BEC8-A937-4857-AB9A-BB24E9DF97B8}.Linux|x64.Deploy.0 = Release|ARM
		{0183BEC8-A937-4857-AB9A-BB24E9DF97B8}.Linux|x86.ActiveCfg = Release|ARM
		{0183BEC8-A937-4857-AB9A-BB24E9DF97B8}.Linux|x86.Build.0 = Release|ARM
		{0183BEC8-A937-4857-AB9A-BB24E9DF97B8}.Linux|x86.Deploy.0 = Release|ARM
		{0183BEC8-A937-4857-AB9A-BB24E9DF97B8}.Release|ARM.ActiveCfg = Release|ARM
		{0183BEC8-A937-4857-AB9A-BB24E9DF97B8}.Release|ARM.Build.0 = Release|ARM
		{0183BEC8-A937-4857-AB9A-BB24E9DF97B8}.Release|ARM.Deploy.0 = Release|ARM
		{0183BEC8-A937-4857-AB9A-BB24E9DF97B8}.Release|ARM64.ActiveCfg = Release|ARM64
		{0183BEC8-A937-4857-AB9A-BB24E9DF97B8}.Release|ARM64.Build.0 = Release|ARM64
		{0183BEC8-A937-4857-AB9A-BB24E9DF97B8}.Release|ARM64.Deploy.0 = Release|ARM64
		{0183BEC8-A937-4857-AB9A-BB24E9DF97B8}.Release|x64.ActiveCfg = Release|ARM
		{0183BEC8-A937-4857-AB9A-BB24E9DF97B8}.Release|x86.ActiveCfg = Release|ARM
		{9AD5413A-6CC9-4268-9E6E-4E0505EAEFDD}.Debug|ARM.ActiveCfg = Debug|ARM
		{9AD5413A-6CC9-4268-9E6E-4E0505EAEFDD}.Debug|ARM.Build.0 = Debug|ARM
		{9AD5413A-6CC9-4268-9E6E-4E0505EAEFDD}.Debug|ARM.Deploy.0 = Debug|ARM
		{9AD5413A-6CC9-4268-9E6E-4E0505EAEFDD}.Debug|ARM64.ActiveCfg = Debug|ARM64
		{9AD5413A-6CC9-4268-9E6E-4E0505EAEFDD}.Debug|ARM64.Build.0 = Debug|ARM64
		{9AD5413A-6CC9-4268-9E6E-4E0505EAEFDD}.Debug|ARM64.Deploy.0 = Debug|ARM64
		{9AD5413A-6CC9-4268-9E6E-4E0505EAEFDD}.Debug|x64.ActiveCfg = Debug|x64
		{9AD5413A-6CC9-4268-9E6E-4E0505EAEFDD}.Debug|x64.Build.0 = Debug|x64
		{9AD5413A-6CC9-4268-9E6E-4E0505EAEFDD}.Debug|x64.Deploy.0 = Debug|x64
		{9AD5413A-6CC9-4268-9E6E-4E0505EAEFDD}.Debug|x86.ActiveCfg = Debug|x86
		{9AD5413A-6CC9-4268-9E6E-4E0505EAEFDD}.Debug|x86.Build.0 = Debug|x86
		{9AD5413A-6CC9-4268-9E6E-4E0505EAEFDD}.Debug|x86.Deploy.0 = Debug|x86
		{9AD5413A-6CC9-4268-9E6E-4E0505EAEFDD}.Linux|ARM.ActiveCfg = Release|ARM
		{9AD5413A-6CC9-4268-9E6E-4E0505EAEFDD}.Linux|ARM.Build.0 = Release|ARM
		{9AD5413A-6CC9-4268-9E6E-4E0505EAEFDD}.Linux|ARM.Deploy.0 = Release|ARM
		{9AD5413A-6CC9-4268-9E6E-4E0505EAEFDD}.Linux|ARM64.ActiveCfg = Release|ARM64
		{9AD5413A-6CC9-4268-9E6E-4E0505EAEFDD}.Linux|ARM64.Build.0 = Release|ARM64
		{9AD5413A-6CC9-4268-9E6E-4E0505EAEFDD}.Linux|ARM64.Deploy.0 = Release|ARM64
		{9AD5413A-6CC9-4268-9E6E-4E0505EAEFDD}.Linux|x64.ActiveCfg = Release|x64
		{9AD5413A-6CC9-4268-9E6E-4E0505EAEFDD}.Linux|x64.Build.0 = Release|x64
		{9AD5413A-6CC9-4268-9E6E-4E0505EAEFDD}.Linux|x64.Deploy.0 = Release|x64
		{9AD5413A-6CC9-4268-9E6E-4E0505EAEFDD}.Linux|x86.ActiveCfg = Release|x86
		{9AD5413A-6CC9-4268-9E6E-4E0505EAEFDD}.Linux|x86.Build.0 = Release|x86
		{9AD5413A-6CC9-4268-9E6E-4E0505EAEFDD}.Linux|x86.Deploy.0 = Release|x86
		{9AD5413A-6CC9-4268-9E6E-4E0505EAEFDD}.Release|ARM.ActiveCfg = Release|ARM
		{9AD5413A-6CC9-4268-9E6E-4E0505EAEFDD}.Release|ARM.Build.0 = Release|ARM
		{9AD5413A-6CC9-4268-9E6E-4E0505EAEFDD}.Release|ARM.Deploy.0 = Release|ARM
		{9AD5413A-6CC9-4268-9E6E-4E0505EAEFDD}.Release|ARM64.ActiveCfg = Release|ARM64
		{9AD5413A-6CC9-4268-9E6E-4E0505EAEFDD}.Release|ARM64.Build.0 = Release|ARM64
		{9AD5413A-6CC9-4268-9E6E-4E0505EAEFDD}.Release|ARM64.Deploy.0 = Release|ARM64
		{9AD5413A-6CC9-4268-9E6E-4E0505EAEFDD}.Release|x64.ActiveCfg = Release|x64
		{9AD5413A-6CC9-4268-9E6E-4E0505EAEFDD}.Release|x64.Build.0 = Release|x64
		{9AD5413A-6CC9-4268-9E6E-4E0505EAEFDD}.Release|x64.Deploy.0 = Release|x64
		{9AD5413A-6CC9-4268-9E6E-4E0505EAEFDD}.Release|x86.ActiveCfg = Release|x86
		{9AD5413A-6CC9-4268-9E6E-4E0505EAEFDD}.Release|x86.Build.0 = Release|x86
		{9AD5413A-6CC9-4268-9E6E-4E0505EAEFDD}.Release|x86.Deploy.0 = Release|x86
	EndGlobalSection
	GlobalSection(SolutionProperties) = preSolution
		HideSolutionNode = FALSE
	EndGlobalSection
	GlobalSection(ExtensibilityGlobals) = postSolution
		SolutionGuid = {6DF79916-79B0-49EE-9A89-DBC6615CEE52}
	EndGlobalSection
EndGlobal
